
Microsoft Visual Studio Solution File, Format Version 11.00
# Visual Studio Version 17

Project("{8BC9CEB8-8B4A-11D0-8D11-00A0C91BC942}") = "Analytiks - Standalone Plugin", "Analytiks_StandalonePlugin.vcxproj", "{26C2BC96-368E-CF9B-6776-100B4A2222DF}"
	ProjectSection(ProjectDependencies) = postProject
		{87A9A447-AD05-4404-BCA3-418DFF479ACE} = {87A9A447-AD05-4404-BCA3-418DFF479ACE}
	EndProjectSection
EndProject
Project("{8BC9CEB8-8B4A-11D0-8D11-00A0C91BC942}") = "Analytiks - VST3", "Analytiks_VST3.vcxproj", "{17EBDAE3-DC83-5F2E-983B-F5F6874119FF}"
	ProjectSection(ProjectDependencies) = postProject
		{87A9A447-AD05-4404-BCA3-418DFF479ACE} = {87A9A447-AD05-4404-BCA3-418DFF479ACE}
		{2BE76896-C572-256A-3D2C-B492B312DDE2} = {2BE76896-C572-256A-3D2C-B492B312DDE2}
	EndProjectSection
EndProject
Project("{8BC9CEB8-8B4A-11D0-8D11-00A0C91BC942}") = "Analytiks - Shared Code", "Analytiks_SharedCode.vcxproj", "{87A9A447-AD05-4404-BCA3-418DFF479ACE}"
EndProject
Project("{8BC9CEB8-8B4A-11D0-8D11-00A0C91BC942}") = "Analytiks - VST3 Manifest Helper", "Analytiks_VST3ManifestHelper.vcxproj", "{2BE76896-C572-256A-3D2C-B492B312DDE2}"
EndProject
Global
	GlobalSection(SolutionConfigurationPlatforms) = preSolution
		Debug|x64 = Debug|x64
		Release|x64 = Release|x64
	EndGlobalSection
	GlobalSection(ProjectConfigurationPlatforms) = postSolution
		{17EBDAE3-DC83-5F2E-983B-F5F6874119FF}.Debug|x64.ActiveCfg = Debug|x64
		{17EBDAE3-DC83-5F2E-983B-F5F6874119FF}.Debug|x64.Build.0 = Debug|x64
		{17EBDAE3-DC83-5F2E-983B-F5F6874119FF}.Release|x64.ActiveCfg = Release|x64
		{17EBDAE3-DC83-5F2E-983B-F5F6874119FF}.Release|x64.Build.0 = Release|x64
		{26C2BC96-368E-CF9B-6776-100B4A2222DF}.Debug|x64.ActiveCfg = Debug|x64
		{26C2BC96-368E-CF9B-6776-100B4A2222DF}.Debug|x64.Build.0 = Debug|x64
		{26C2BC96-368E-CF9B-6776-100B4A2222DF}.Release|x64.ActiveCfg = Release|x64
		{26C2BC96-368E-CF9B-6776-100B4A2222DF}.Release|x64.Build.0 = Release|x64
		{87A9A447-AD05-4404-BCA3-418DFF479ACE}.Debug|x64.ActiveCfg = Debug|x64
		{87A9A447-AD05-4404-BCA3-418DFF479ACE}.Debug|x64.Build.0 = Debug|x64
		{87A9A447-AD05-4404-BCA3-418DFF479ACE}.Release|x64.ActiveCfg = Release|x64
		{87A9A447-AD05-4404-BCA3-418DFF479ACE}.Release|x64.Build.0 = Release|x64
		{2BE76896-C572-256A-3D2C-B492B312DDE2}.Debug|x64.ActiveCfg = Debug|x64
		{2BE76896-C572-256A-3D2C-B492B312DDE2}.Debug|x64.Build.0 = Debug|x64
		{2BE76896-C572-256A-3D2C-B492B312DDE2}.Release|x64.ActiveCfg = Release|x64
		{2BE76896-C572-256A-3D2C-B492B312DDE2}.Release|x64.Build.0 = Release|x64
	EndGlobalSection
	GlobalSection(SolutionProperties) = preSolution
		HideSolutionNode = FALSE
	EndGlobalSection
EndGlobal
